
Microsoft Visual Studio Solution File, Format Version 12.00
# Visual Studio Version 17
VisualStudioVersion = 17.9.34607.119
MinimumVisualStudioVersion = 10.0.40219.1
Project("{FAE04EC0-301F-11D3-BF4B-00C04F79EFBC}") = "CaptureTest", "CaptureTest\CaptureTest.csproj", "{3D941EFC-06B0-42B6-A714-0EB2C898F448}"
EndProject
Global
	GlobalSection(SolutionConfigurationPlatforms) = preSolution
		Debug|Any CPU = Debug|Any CPU
		Release|Any CPU = Release|Any CPU
	EndGlobalSection
	GlobalSection(ProjectConfigurationPlatforms) = postSolution
		{3D941EFC-06B0-42B6-A714-0EB2C898F448}.Debug|Any CPU.ActiveCfg = Debug|Any CPU
		{3D941EFC-06B0-42B6-A714-0EB2C898F448}.Debug|Any CPU.Build.0 = Debug|Any CPU
		{3D941EFC-06B0-42B6-A714-0EB2C898F448}.Release|Any CPU.ActiveCfg = Release|Any CPU
		{3D941EFC-06B0-42B6-A714-0EB2C898F448}.Release|Any CPU.Build.0 = Release|Any CPU
	EndGlobalSection
	GlobalSection(SolutionProperties) = preSolution
		HideSolutionNode = FALSE
	EndGlobalSection
	GlobalSection(ExtensibilityGlobals) = postSolution
		SolutionGuid = {498A9C44-EB03-494F-920E-B4BEE0AC9F92}
	EndGlobalSection
EndGlobal
